{
  "version": "5",
  "redirects": {
    "https://esm.sh/astronomy-engine@2": "https://esm.sh/astronomy-engine@2.1.19",
    "https://esm.sh/boolbase@^1.0.0?target=denonext": "https://esm.sh/boolbase@1.0.0?target=denonext",
    "https://esm.sh/css-select@^5.1.0?target=denonext": "https://esm.sh/css-select@5.2.2?target=denonext",
    "https://esm.sh/css-what@^6.1.0?target=denonext": "https://esm.sh/css-what@6.2.2?target=denonext",
    "https://esm.sh/cssom@^0.5.0?target=denonext": "https://esm.sh/cssom@0.5.0?target=denonext",
    "https://esm.sh/d3-array@^3.2.4?target=denonext": "https://esm.sh/d3-array@3.2.4?target=denonext",
    "https://esm.sh/d3-geo@3": "https://esm.sh/d3-geo@3.1.1",
    "https://esm.sh/dom-serializer@^2.0.0?target=denonext": "https://esm.sh/dom-serializer@2.0.0?target=denonext",
    "https://esm.sh/domelementtype@^2.3.0?target=denonext": "https://esm.sh/domelementtype@2.3.0?target=denonext",
    "https://esm.sh/domhandler@^5.0.3?target=denonext": "https://esm.sh/domhandler@5.0.3?target=denonext",
    "https://esm.sh/domutils@^3.0.1?target=denonext": "https://esm.sh/domutils@3.2.2?target=denonext",
    "https://esm.sh/domutils@^3.1.0?target=denonext": "https://esm.sh/domutils@3.2.2?target=denonext",
    "https://esm.sh/entities@^4.2.0?target=denonext": "https://esm.sh/entities@4.5.0?target=denonext",
    "https://esm.sh/entities@^4.5.0/lib/decode?target=denonext": "https://esm.sh/entities@4.5.0/lib/decode?target=denonext",
    "https://esm.sh/htmlparser2@^9.1.0?target=denonext": "https://esm.sh/htmlparser2@9.1.0?target=denonext",
    "https://esm.sh/internmap@^2.0.3?target=denonext": "https://esm.sh/internmap@2.0.3?target=denonext",
    "https://esm.sh/nth-check@^2.0.1?target=denonext": "https://esm.sh/nth-check@2.1.1?target=denonext",
    "https://esm.sh/topojson-client@3": "https://esm.sh/topojson-client@3.1.0",
    "https://esm.sh/uhyphen@^0.2.0?target=denonext": "https://esm.sh/uhyphen@0.2.0?target=denonext"
  },
  "remote": {
    "https://esm.sh/@nanostores/persistent@0.10.2/X-ZW5hbm9zdG9yZXM/denonext/persistent.mjs": "4755f1857c16d69f678729535a440aaba8ea17217b4b822c28ac51a38bd0dbdb",
    "https://esm.sh/@nanostores/persistent@0.10.2?external=nanostores": "d9cb444852f3ea8016242dffaf86afc4985dc802c1e0b85afd45fd31dc454496",
    "https://esm.sh/@nanostores/preact@0.5.2/X-ZW5hbm9zdG9yZXMscHJlYWN0/denonext/preact.mjs": "712efdcec54dcda04b6ed9bd23bc42be49bc599572a3ce60a5d1818662dccbb1",
    "https://esm.sh/@nanostores/preact@0.5.2?external=preact,nanostores": "5de7ccdc3780d9409ca77b2165e16fede03b73fc92fb8b1e1f65756df2fe5117",
    "https://esm.sh/astronomy-engine@2.1.19": "0845bc2bcf5ec83f9b7cc75f70f91ec2c528e2cffeed8ae937532c28e619a714",
    "https://esm.sh/astronomy-engine@2.1.19/denonext/astronomy-engine.mjs": "5fb0e08d37f541a104b440744a2bffcc7943b5e95db15b0c780ee0a03b11dfcd",
    "https://esm.sh/boolbase@1.0.0/denonext/boolbase.mjs": "70e9521b9532b5e4dc0c807422529b15b4452663dbdb70dff9c7b65d0ff2e3cb",
    "https://esm.sh/boolbase@1.0.0?target=denonext": "5d10bc2e0fb13eedfc6859bffbeb5a6f08679797fa8740c7d821841c2e22945f",
    "https://esm.sh/css-select@5.2.2/denonext/css-select.mjs": "db6e191df366250412483170f6cc25b8416b86b7cbfc85b386de2aa92712924b",
    "https://esm.sh/css-select@5.2.2?target=denonext": "6a1bffb076b7b4260cd1c62d3be28be32fdc7c9260a22f2402f218cb12beb440",
    "https://esm.sh/css-what@6.2.2/denonext/css-what.mjs": "9c9b079c45f30d5392006f8225f9322564898dd23888e9e6740e25955d37e204",
    "https://esm.sh/css-what@6.2.2?target=denonext": "74e16b118fb7045d5c136d4deaa3473627c8d10eb1fd7d0ab29ae5f588bec979",
    "https://esm.sh/cssom@0.5.0/denonext/cssom.mjs": "9d6c9e9fe0e5bcfe6b4265bbea02ff855fa10de720b39a089b67b966bd84d710",
    "https://esm.sh/cssom@0.5.0?target=denonext": "1502162980e9e132a91617ccac5324e5d64f5bce1bbf041a7a37a2d78afee9f3",
    "https://esm.sh/d3-array@3.2.4/denonext/d3-array.mjs": "a8659e76cce11138f6be2fb8636a1f74d8cfa7831605967b6970238b80d04d8b",
    "https://esm.sh/d3-array@3.2.4?target=denonext": "4266074d204ab57fcfbe3b73d6259dd41e56d864ca72d20b13e159414fe8c5f5",
    "https://esm.sh/d3-geo@3.1.1": "67851d96be856de5fc4629f04304599d0632e5f9eaaa04501a70c01c58e59828",
    "https://esm.sh/d3-geo@3.1.1/denonext/d3-geo.mjs": "c98c715c798ead807108505d44119407cc2c574bd9fd94c1d7594d4dfe1972d5",
    "https://esm.sh/dom-serializer@2.0.0/denonext/dom-serializer.mjs": "545028b1d2c25bae5cbfe6930a28a2e4f7f05e1a0d09bbd0f3f5f9a33df8e3bd",
    "https://esm.sh/dom-serializer@2.0.0?target=denonext": "1626b2b8326556ea2816b5f9bf7522bc9581d545fd9ad117c066ab7a5ff1fb89",
    "https://esm.sh/domelementtype@2.3.0/denonext/domelementtype.mjs": "4f3b57348729cd517560139eb1969ca2fe9cc58c5188abe56e7336d5cb557cc0",
    "https://esm.sh/domelementtype@2.3.0?target=denonext": "2beb2a1e3d18892a9b00ef9528811b93f613a77d2b6fb25376ec0f109ac48a4f",
    "https://esm.sh/domhandler@5.0.3/denonext/domhandler.mjs": "3fb258a3d79bc9066a568bb6b09ce946d1fcfa2636a24ae80a4db220956e0873",
    "https://esm.sh/domhandler@5.0.3?target=denonext": "298fde249b7bff9e80667cfe643e7d4b390871b77b0928d086ce4c0b8fc570e2",
    "https://esm.sh/domutils@3.2.2/denonext/domutils.mjs": "f0b4e80e73810ed6f3d8c4e1822feef89208f32c88b6024a84328d02f5f77c40",
    "https://esm.sh/domutils@3.2.2?target=denonext": "7e487176c61dfd1dfdbcfd1195e7329a64f53421511561b69c570a6cff0a6167",
    "https://esm.sh/entities@4.5.0/denonext/entities.mjs": "4a9306e4021ae1079e83b5db26e1678c536fa69c8f2839802bc3cc43282cef08",
    "https://esm.sh/entities@4.5.0/denonext/lib/decode.mjs": "ef22e25f6bca668e40c4f7d4ecaebe2172a833a18372d55b54f997d0d8702dcd",
    "https://esm.sh/entities@4.5.0/denonext/lib/escape.mjs": "116aef78e5ff05efa6f79851b8b59da025ab88f5c25d2262f73df98f4d57c3fa",
    "https://esm.sh/entities@4.5.0/lib/decode?target=denonext": "488bc8401a0c85a76527d61a41352c5371904aeda57a136eb10ccfadcd2f7c8c",
    "https://esm.sh/entities@4.5.0?target=denonext": "f6bc559c07f40e94b3ef50f0b24e2666a2258db3b6697bf4da8fd2fc014ef7a1",
    "https://esm.sh/htm@3.1.1/X-ZXByZWFjdA/denonext/htm.mjs": "6c0d0967b9cc95f4f7db768425d3992757d814f95b0a7fc963a904b25bd7b873",
    "https://esm.sh/htm@3.1.1/X-ZXByZWFjdA/denonext/preact.mjs": "05ceb25f6cbf57496f56c4faf790f844682baf834574ccce091f5ab439690ed6",
    "https://esm.sh/htm@3.1.1/preact?external=preact": "09c74748bf2d7739e4ab1e9367c6e79a642b25e134c42e28dcaac0c41016e4df",
    "https://esm.sh/htmlparser2@9.1.0/denonext/htmlparser2.mjs": "c66451d0cf754ff574ace956b4f375046f6558ecc80478751a02ac424ea55381",
    "https://esm.sh/htmlparser2@9.1.0/denonext/lib/esm/Parser.mjs": "a90fca18b664f12a6197c42e038a218659500a5403fff22bb4f03c00d186dd5d",
    "https://esm.sh/htmlparser2@9.1.0/denonext/lib/esm/Tokenizer.mjs": "5bd2cb001d1e2b6bfe3d34e73f60db922f14652caa46039b897e06635633aed7",
    "https://esm.sh/htmlparser2@9.1.0?target=denonext": "c45715271b3924d41b412d0dd1736ffa1a9a0bf721e3c7c382fa9b6d483b6fb8",
    "https://esm.sh/internmap@2.0.3/denonext/internmap.mjs": "09707265c3a24383ca1b71aa6d97ab980e91ad4e804f55dec34de6d24a9900b4",
    "https://esm.sh/internmap@2.0.3?target=denonext": "235fe2491d38df4060d092e8b8e882891b7bcb595435dcf9f52d7d38b6d2c534",
    "https://esm.sh/linkedom@0.18.5/X-ZWNhbnZhcw/denonext/esm/html/document.mjs": "b4559ccfe34a6a9cacf2af439da5df198fbda74a15ca1e4da2a52411daeb659d",
    "https://esm.sh/linkedom@0.18.5/X-ZWNhbnZhcw/denonext/esm/html/element.mjs": "8d511d26be4605b56ff73f59dac91bb776c96228bc1543c9c77aa353be139e03",
    "https://esm.sh/linkedom@0.18.5/X-ZWNhbnZhcw/denonext/esm/html/image-element.mjs": "35b8570e427177481b3d20fb5fb39ddb0c4cc4e00858bb79d467685f07e895fe",
    "https://esm.sh/linkedom@0.18.5/X-ZWNhbnZhcw/denonext/esm/interface/attr.mjs": "b70b4fd2087b1dafc7419d37b4d18ff676e5f90d23b4e37ddedd361b19776954",
    "https://esm.sh/linkedom@0.18.5/X-ZWNhbnZhcw/denonext/esm/interface/cdata-section.mjs": "50af28789162ffcf5a79bcae09f3cd1ef85cf1cd84b87be5b3cdd2a104c4fd9f",
    "https://esm.sh/linkedom@0.18.5/X-ZWNhbnZhcw/denonext/esm/interface/character-data.mjs": "c50562dafcf279c77ff33bf8358afb22a5a98114d122433ef48621927152841d",
    "https://esm.sh/linkedom@0.18.5/X-ZWNhbnZhcw/denonext/esm/interface/comment.mjs": "11d8ac610933faf27a13f6251a6937e76a78658ed164ea6ea56141bac0389e66",
    "https://esm.sh/linkedom@0.18.5/X-ZWNhbnZhcw/denonext/esm/interface/custom-element-registry.mjs": "cdc9a29250ced044c996c861792dffa00048ec4ff32eb6ab1f89c474b9c2b87d",
    "https://esm.sh/linkedom@0.18.5/X-ZWNhbnZhcw/denonext/esm/interface/custom-event.mjs": "aeebb1d48196d8b32d367b72f299c2fe6b2e177b4ec8e951ac267cfb17b0eaf5",
    "https://esm.sh/linkedom@0.18.5/X-ZWNhbnZhcw/denonext/esm/interface/document-fragment.mjs": "49a80f2eed674a48365d4de0963daee1f51be2f4f2cd870a3b44fd54a44b85d0",
    "https://esm.sh/linkedom@0.18.5/X-ZWNhbnZhcw/denonext/esm/interface/document-type.mjs": "7d95cf5eb2283f44bc9fa24a2439bf7eaf42b76f8966966711761ac7df119b78",
    "https://esm.sh/linkedom@0.18.5/X-ZWNhbnZhcw/denonext/esm/interface/document.mjs": "d2470bc236f0e269eeeec3a6c179f05ea3d5683583236e4743ce74b08b34c461",
    "https://esm.sh/linkedom@0.18.5/X-ZWNhbnZhcw/denonext/esm/interface/element.mjs": "b17b9df36f3b6c4802e0c2aa91656f693457933542f4175457f887bd385ce3d8",
    "https://esm.sh/linkedom@0.18.5/X-ZWNhbnZhcw/denonext/esm/interface/event-target.mjs": "c6a61a28b339203cd951a20dd01e567da956f39c8a6d3aee550bcd44ec4b3982",
    "https://esm.sh/linkedom@0.18.5/X-ZWNhbnZhcw/denonext/esm/interface/event.mjs": "a91b1e10c19dee8b69be6862cef2869376ee49053e4aa846b87c57dc017ddb90",
    "https://esm.sh/linkedom@0.18.5/X-ZWNhbnZhcw/denonext/esm/interface/input-event.mjs": "8dd05bddcd0e6dc25b3beb6c4306d9d754246c2377a478256cf9a8dc483ae222",
    "https://esm.sh/linkedom@0.18.5/X-ZWNhbnZhcw/denonext/esm/interface/mutation-observer.mjs": "4473c43256955f7e0a664cfc7c51a41767bc20a1125049c75c74b422aed1ed1a",
    "https://esm.sh/linkedom@0.18.5/X-ZWNhbnZhcw/denonext/esm/interface/named-node-map.mjs": "edc011d156453e829f7f0b6990de992b8d0d8c3ea154e33abd6e503b55a1e94d",
    "https://esm.sh/linkedom@0.18.5/X-ZWNhbnZhcw/denonext/esm/interface/node-list.mjs": "0e886b37ad85475cb659fa28e3c9e8cf9c29ac957d48313a28e35ccde1bc1209",
    "https://esm.sh/linkedom@0.18.5/X-ZWNhbnZhcw/denonext/esm/interface/node.mjs": "0c26b8a48e217398dabcf441368535964f109e7576d1b0d19114fc8887758690",
    "https://esm.sh/linkedom@0.18.5/X-ZWNhbnZhcw/denonext/esm/interface/shadow-root.mjs": "e7c698281518888752f7d281049283a99365938402cfa59f1b21ab574458bfaf",
    "https://esm.sh/linkedom@0.18.5/X-ZWNhbnZhcw/denonext/esm/interface/text.mjs": "0d33b4f1f98a28a42d08f59f293170ff02a9189e8952958bce56e29cda45ad31",
    "https://esm.sh/linkedom@0.18.5/X-ZWNhbnZhcw/denonext/esm/mixin/child-node.mjs": "230e2249a33df57b8b2937b725aa8475431f1661fd896c85a29af0628d108fc4",
    "https://esm.sh/linkedom@0.18.5/X-ZWNhbnZhcw/denonext/esm/mixin/inner-html.mjs": "d292b0e2362dfcbc7ee3e0075c84ffac5279b41f6beafbfcb37c1a84affbea9c",
    "https://esm.sh/linkedom@0.18.5/X-ZWNhbnZhcw/denonext/esm/mixin/non-document-type-child-node.mjs": "062ca2c982405ad6453ee82b6d03410be8b24ad4532ea474b8ad023ab4f7448d",
    "https://esm.sh/linkedom@0.18.5/X-ZWNhbnZhcw/denonext/esm/mixin/non-element-parent-node.mjs": "c6485d0f0502f0fd13f1d43d5d87fa86a3a7cb1f25307a45969d498ffc4788a9",
    "https://esm.sh/linkedom@0.18.5/X-ZWNhbnZhcw/denonext/esm/mixin/parent-node.mjs": "8371bf84f440c036bcdb38e24b1ca483f557e5d571e92aa08c994c364a1c07f8",
    "https://esm.sh/linkedom@0.18.5/X-ZWNhbnZhcw/denonext/esm/shared/attributes.mjs": "45641ceb7480fb57e47615230fd0a9abf0dbc3cad3e2f0e5b710f0e9bf29a3c8",
    "https://esm.sh/linkedom@0.18.5/X-ZWNhbnZhcw/denonext/esm/shared/constants.mjs": "6ce66d1cc5de0ce47c16cf7aab90687d142add881854d5dda6b55fd645ac7077",
    "https://esm.sh/linkedom@0.18.5/X-ZWNhbnZhcw/denonext/esm/shared/facades.mjs": "fd7021c625c6bd060838a1dea60c639fcfc68901b0246ca2c312164705cb05bb",
    "https://esm.sh/linkedom@0.18.5/X-ZWNhbnZhcw/denonext/esm/shared/html-classes.mjs": "46223b871a249dd3f3fa235a5b308a74b27ba6f045e2f1eb2694383fecf146a7",
    "https://esm.sh/linkedom@0.18.5/X-ZWNhbnZhcw/denonext/esm/shared/jsdon.mjs": "9b2bd4114a35a2891a0d0aee5fe5ebf98751acff3bb28853ff43ea7c039b17b0",
    "https://esm.sh/linkedom@0.18.5/X-ZWNhbnZhcw/denonext/esm/shared/matches.mjs": "af0e7288b47955ef006b4e0e6f58b50540870d851d364642bc5534631b7bb912",
    "https://esm.sh/linkedom@0.18.5/X-ZWNhbnZhcw/denonext/esm/shared/node.mjs": "5573dd36659d725426e97a380798085287ef2c5dc3803ed464553e482e7c965f",
    "https://esm.sh/linkedom@0.18.5/X-ZWNhbnZhcw/denonext/esm/shared/object.mjs": "0480a2cb68bdc8e158b8b44e677bb11f18c3bb27479780b31530b46222b5191c",
    "https://esm.sh/linkedom@0.18.5/X-ZWNhbnZhcw/denonext/esm/shared/parse-from-string.mjs": "31ceb34e29dc0399abac5553d74ee6a5c00a1ac723dffa9353795f562b5f1eca",
    "https://esm.sh/linkedom@0.18.5/X-ZWNhbnZhcw/denonext/esm/shared/register-html-class.mjs": "9ea1e8fe4e18a9009259a61902198d52bb3b3b812bd708665435e05feb93e504",
    "https://esm.sh/linkedom@0.18.5/X-ZWNhbnZhcw/denonext/esm/shared/shadow-roots.mjs": "f5bfd20fcb564df2f6167365ba003a241d80866683fd84bc42df5969e79c4181",
    "https://esm.sh/linkedom@0.18.5/X-ZWNhbnZhcw/denonext/esm/shared/symbols.mjs": "53c3167cbe23fdc66079a0ce3d5dbee9e6b98089a2839452ea42dd9bfb9874dd",
    "https://esm.sh/linkedom@0.18.5/X-ZWNhbnZhcw/denonext/esm/shared/text-escaper.mjs": "f5654c360b233a730cc8585267301ee8edd09790fc53fce32e8c57db9a1a529f",
    "https://esm.sh/linkedom@0.18.5/X-ZWNhbnZhcw/denonext/esm/shared/utils.mjs": "1966ad45f0d095365eabd80e7cc4efaf04beb7b5ec6fd9f0f3652ecd30133377",
    "https://esm.sh/linkedom@0.18.5/X-ZWNhbnZhcw/denonext/esm/svg/element.mjs": "62ad8f3c65303c474f17d8e1526d3278145de5c8b898808cdae67218485d75dc",
    "https://esm.sh/linkedom@0.18.5/X-ZWNhbnZhcw/denonext/linkedom.mjs": "8dcb1576862ed7a6e7001946b0900a5dcf2e7e7daa8653cdd545668ae19ed7f4",
    "https://esm.sh/linkedom@0.18.5?external=canvas": "2a31e570efc08d1268fff623cf995c4c4b36b576b6bb4fd292b2423b9b09c2ea",
    "https://esm.sh/nanostores@0.11.4": "090eb82118635dd654d2bd983741bd6dc2a809af96ea175c896da7fc1a34ebd8",
    "https://esm.sh/nanostores@0.11.4/denonext/nanostores.mjs": "0f3a82d0a93671bbb67887a02d3b1eff7fb93654add5e3d654d2278265902539",
    "https://esm.sh/nth-check@2.1.1/denonext/nth-check.mjs": "2b0541d4564b27c31b37b006329c64036bee04a4c8f14e8357037fd7d35ecfe4",
    "https://esm.sh/nth-check@2.1.1?target=denonext": "689135c5e0e825a2a89058636f1b3a497040597c17de9107c703e9d764d22e25",
    "https://esm.sh/preact@10.27.1": "7c7102a74853dd331525b7eb8f165714d783f2638bf7bd3f1fc9b7480cc4e1e0",
    "https://esm.sh/preact@10.27.1/denonext/hooks.mjs": "b863367befe25a10375385e3ca6b162697d3678821464fbb02e0c71f2fffd5e3",
    "https://esm.sh/preact@10.27.1/denonext/preact.mjs": "7c2bf3093184c94176c3ae4dafd0aa801cb15f37f6907779064c4190456eb9c0",
    "https://esm.sh/preact@10.27.1/hooks": "22a4babd13029422488ffe89f1fa9c82bf335f6fc8930d2707da855177b2d265",
    "https://esm.sh/suncalc@1.9.0": "c656e61c3f35d9f67f7c6ad4c5230763e440a5581ea59e319227f4ab89e474fd",
    "https://esm.sh/suncalc@1.9.0/denonext/suncalc.mjs": "fc244ac1674f9738f3dd420ede62562af498b658498bf3f495bce432c49adb10",
    "https://esm.sh/topojson-client@3.1.0": "e664d697a59fcfdaf0bae03ea35fef8aa44351fc02631c5ccfa9354df03fff5e",
    "https://esm.sh/topojson-client@3.1.0/denonext/topojson-client.mjs": "56ef2b146e10a1b99b0fc42f2f96bd41931d42e256efd1954724aeee505a7010",
    "https://esm.sh/uhyphen@0.2.0/denonext/uhyphen.mjs": "c9cb7bd80a7d7de55616628523cd6be52a74cfc5ccdd0c871c10e94861e34f71",
    "https://esm.sh/uhyphen@0.2.0?target=denonext": "3b34a717188b1d17a910e19ae635d8ecc355635e66393d95163bb5b2506214d7"
  },
  "workspace": {
    "dependencies": [
      "jsr:@astral/astral@~0.5.3",
      "jsr:@std/http@1"
    ]
  }
}
