{
  "version": "5",
  "redirects": {
    "https://esm.sh/astronomy-engine@2": "https://esm.sh/astronomy-engine@2.1.19",
    "https://esm.sh/boolbase@^1.0.0?target=denonext": "https://esm.sh/boolbase@1.0.0?target=denonext",
    "https://esm.sh/css-select@^5.1.0?target=denonext": "https://esm.sh/css-select@5.2.2?target=denonext",
    "https://esm.sh/css-what@^6.1.0?target=denonext": "https://esm.sh/css-what@6.2.2?target=denonext",
    "https://esm.sh/cssom@^0.5.0?target=denonext": "https://esm.sh/cssom@0.5.0?target=denonext",
    "https://esm.sh/d3-array@^3.2.4?target=denonext": "https://esm.sh/d3-array@3.2.4?target=denonext",
    "https://esm.sh/d3-geo@3": "https://esm.sh/d3-geo@3.1.1",
    "https://esm.sh/dom-serializer@^2.0.0?target=denonext": "https://esm.sh/dom-serializer@2.0.0?target=denonext",
    "https://esm.sh/domelementtype@^2.3.0?target=denonext": "https://esm.sh/domelementtype@2.3.0?target=denonext",
    "https://esm.sh/domhandler@^5.0.3?target=denonext": "https://esm.sh/domhandler@5.0.3?target=denonext",
    "https://esm.sh/domutils@^3.0.1?target=denonext": "https://esm.sh/domutils@3.2.2?target=denonext",
    "https://esm.sh/domutils@^3.1.0?target=denonext": "https://esm.sh/domutils@3.2.2?target=denonext",
    "https://esm.sh/entities@^4.2.0?target=denonext": "https://esm.sh/entities@4.5.0?target=denonext",
    "https://esm.sh/entities@^4.5.0/lib/decode?target=denonext": "https://esm.sh/entities@4.5.0/lib/decode?target=denonext",
    "https://esm.sh/htmlparser2@^9.1.0?target=denonext": "https://esm.sh/htmlparser2@9.1.0?target=denonext",
    "https://esm.sh/internmap@^2.0.3?target=denonext": "https://esm.sh/internmap@2.0.3?target=denonext",
    "https://esm.sh/nth-check@^2.0.1?target=denonext": "https://esm.sh/nth-check@2.1.1?target=denonext",
    "https://esm.sh/topojson-client@3": "https://esm.sh/topojson-client@3.1.0",
    "https://esm.sh/uhyphen@^0.2.0?target=denonext": "https://esm.sh/uhyphen@0.2.0?target=denonext"
  },
  "remote": {
    "https://esm.sh/@nanostores/persistent@0.10.2/X-ZW5hbm9zdG9yZXM/denonext/persistent.mjs": "4755f1857c16d69f678729535a440aaba8ea17217b4b822c28ac51a38bd0dbdb",
    "https://esm.sh/@nanostores/persistent@0.10.2?external=nanostores": "d9cb444852f3ea8016242dffaf86afc4985dc802c1e0b85afd45fd31dc454496",
    "https://esm.sh/@nanostores/preact@0.5.2/X-ZW5hbm9zdG9yZXMscHJlYWN0/denonext/preact.mjs": "712efdcec54dcda04b6ed9bd23bc42be49bc599572a3ce60a5d1818662dccbb1",
    "https://esm.sh/@nanostores/preact@0.5.2?external=preact,nanostores": "5de7ccdc3780d9409ca77b2165e16fede03b73fc92fb8b1e1f65756df2fe5117",
    "https://esm.sh/astronomy-engine@2.1.19": "0845bc2bcf5ec83f9b7cc75f70f91ec2c528e2cffeed8ae937532c28e619a714",
    "https://esm.sh/astronomy-engine@2.1.19/denonext/astronomy-engine.mjs": "5fb0e08d37f541a104b440744a2bffcc7943b5e95db15b0c780ee0a03b11dfcd",
    "https://esm.sh/boolbase@1.0.0/denonext/boolbase.mjs": "70e9521b9532b5e4dc0c807422529b15b4452663dbdb70dff9c7b65d0ff2e3cb",
    "https://esm.sh/boolbase@1.0.0?target=denonext": "5d10bc2e0fb13eedfc6859bffbeb5a6f08679797fa8740c7d821841c2e22945f",
    "https://esm.sh/css-select@5.2.2/denonext/css-select.mjs": "db6e191df366250412483170f6cc25b8416b86b7cbfc85b386de2aa92712924b",
    "https://esm.sh/css-select@5.2.2?target=denonext": "6a1bffb076b7b4260cd1c62d3be28be32fdc7c9260a22f2402f218cb12beb440",
    "https://esm.sh/css-what@6.2.2/denonext/css-what.mjs": "9c9b079c45f30d5392006f8225f9322564898dd23888e9e6740e25955d37e204",
    "https://esm.sh/css-what@6.2.2?target=denonext": "74e16b118fb7045d5c136d4deaa3473627c8d10eb1fd7d0ab29ae5f588bec979",
    "https://esm.sh/cssom@0.5.0/denonext/cssom.mjs": "9d6c9e9fe0e5bcfe6b4265bbea02ff855fa10de720b39a089b67b966bd84d710",
    "https://esm.sh/cssom@0.5.0?target=denonext": "1502162980e9e132a91617ccac5324e5d64f5bce1bbf041a7a37a2d78afee9f3",
    "https://esm.sh/d3-array@3.2.4/denonext/d3-array.mjs": "a8659e76cce11138f6be2fb8636a1f74d8cfa7831605967b6970238b80d04d8b",
    "https://esm.sh/d3-array@3.2.4?target=denonext": "4266074d204ab57fcfbe3b73d6259dd41e56d864ca72d20b13e159414fe8c5f5",
    "https://esm.sh/d3-geo@3.1.1": "67851d96be856de5fc4629f04304599d0632e5f9eaaa04501a70c01c58e59828",
    "https://esm.sh/d3-geo@3.1.1/denonext/d3-geo.mjs": "c98c715c798ead807108505d44119407cc2c574bd9fd94c1d7594d4dfe1972d5",
    "https://esm.sh/dom-serializer@2.0.0/denonext/dom-serializer.mjs": "545028b1d2c25bae5cbfe6930a28a2e4f7f05e1a0d09bbd0f3f5f9a33df8e3bd",
    "https://esm.sh/dom-serializer@2.0.0?target=denonext": "1626b2b8326556ea2816b5f9bf7522bc9581d545fd9ad117c066ab7a5ff1fb89",
    "https://esm.sh/domelementtype@2.3.0/denonext/domelementtype.mjs": "4f3b57348729cd517560139eb1969ca2fe9cc58c5188abe56e7336d5cb557cc0",
    "https://esm.sh/domelementtype@2.3.0?target=denonext": "2beb2a1e3d18892a9b00ef9528811b93f613a77d2b6fb25376ec0f109ac48a4f",
    "https://esm.sh/domhandler@5.0.3/denonext/domhandler.mjs": "3fb258a3d79bc9066a568bb6b09ce946d1fcfa2636a24ae80a4db220956e0873",
    "https://esm.sh/domhandler@5.0.3?target=denonext": "298fde249b7bff9e80667cfe643e7d4b390871b77b0928d086ce4c0b8fc570e2",
    "https://esm.sh/domutils@3.2.2/denonext/domutils.mjs": "f0b4e80e73810ed6f3d8c4e1822feef89208f32c88b6024a84328d02f5f77c40",
    "https://esm.sh/domutils@3.2.2?target=denonext": "7e487176c61dfd1dfdbcfd1195e7329a64f53421511561b69c570a6cff0a6167",
    "https://esm.sh/entities@4.5.0/denonext/entities.mjs": "4a9306e4021ae1079e83b5db26e1678c536fa69c8f2839802bc3cc43282cef08",
    "https://esm.sh/entities@4.5.0/denonext/lib/decode.mjs": "ef22e25f6bca668e40c4f7d4ecaebe2172a833a18372d55b54f997d0d8702dcd",
    "https://esm.sh/entities@4.5.0/denonext/lib/escape.mjs": "116aef78e5ff05efa6f79851b8b59da025ab88f5c25d2262f73df98f4d57c3fa",
    "https://esm.sh/entities@4.5.0/lib/decode?target=denonext": "488bc8401a0c85a76527d61a41352c5371904aeda57a136eb10ccfadcd2f7c8c",
    "https://esm.sh/entities@4.5.0?target=denonext": "f6bc559c07f40e94b3ef50f0b24e2666a2258db3b6697bf4da8fd2fc014ef7a1",
    "https://esm.sh/htm@3.1.1/X-ZXByZWFjdA/denonext/htm.mjs": "6c0d0967b9cc95f4f7db768425d3992757d814f95b0a7fc963a904b25bd7b873",
    "https://esm.sh/htm@3.1.1/X-ZXByZWFjdA/denonext/preact.mjs": "05ceb25f6cbf57496f56c4faf790f844682baf834574ccce091f5ab439690ed6",
    "https://esm.sh/htm@3.1.1/preact?external=preact": "09c74748bf2d7739e4ab1e9367c6e79a642b25e134c42e28dcaac0c41016e4df",
    "https://esm.sh/htmlparser2@9.1.0/denonext/htmlparser2.mjs": "c66451d0cf754ff574ace956b4f375046f6558ecc80478751a02ac424ea55381",
    "https://esm.sh/htmlparser2@9.1.0/denonext/lib/esm/Parser.mjs": "a90fca18b664f12a6197c42e038a218659500a5403fff22bb4f03c00d186dd5d",
    "https://esm.sh/htmlparser2@9.1.0/denonext/lib/esm/Tokenizer.mjs": "5bd2cb001d1e2b6bfe3d34e73f60db922f14652caa46039b897e06635633aed7",
    "https://esm.sh/htmlparser2@9.1.0?target=denonext": "c45715271b3924d41b412d0dd1736ffa1a9a0bf721e3c7c382fa9b6d483b6fb8",
    "https://esm.sh/internmap@2.0.3/denonext/internmap.mjs": "09707265c3a24383ca1b71aa6d97ab980e91ad4e804f55dec34de6d24a9900b4",
    "https://esm.sh/internmap@2.0.3?target=denonext": "235fe2491d38df4060d092e8b8e882891b7bcb595435dcf9f52d7d38b6d2c534",
    "https://esm.sh/linkedom@0.18.5/X-ZWNhbnZhcw/denonext/esm/html/document.mjs": "b4559ccfe34a6a9cacf2af439da5df198fbda74a15ca1e4da2a52411daeb659d",
    "https://esm.sh/linkedom@0.18.5/X-ZWNhbnZhcw/denonext/esm/html/element.mjs": "8d511d26be4605b56ff73f59dac91bb776c96228bc1543c9c77aa353be139e03",
    "https://esm.sh/linkedom@0.18.5/X-ZWNhbnZhcw/denonext/esm/html/image-element.mjs": "35b8570e427177481b3d20fb5fb39ddb0c4cc4e00858bb79d467685f07e895fe",
    "https://esm.sh/linkedom@0.18.5/X-ZWNhbnZhcw/denonext/esm/interface/attr.mjs": "b70b4fd2087b1dafc7419d37b4d18ff676e5f90d23b4e37ddedd361b19776954",
    "https://esm.sh/linkedom@0.18.5/X-ZWNhbnZhcw/denonext/esm/interface/cdata-section.mjs": "50af28789162ffcf5a79bcae09f3cd1ef85cf1cd84b87be5b3cdd2a104c4fd9f",
    "https://esm.sh/linkedom@0.18.5/X-ZWNhbnZhcw/denonext/esm/interface/character-data.mjs": "c50562dafcf279c77ff33bf8358afb22a5a98114d122433ef48621927152841d",
    "https://esm.sh/linkedom@0.18.5/X-ZWNhbnZhcw/denonext/esm/interface/comment.mjs": "11d8ac610933faf27a13f6251a6937e76a78658ed164ea6ea56141bac0389e66",
    "https://esm.sh/linkedom@0.18.5/X-ZWNhbnZhcw/denonext/esm/interface/custom-element-registry.mjs": "cdc9a29250ced044c996c861792dffa00048ec4ff32eb6ab1f89c474b9c2b87d",
    "https://esm.sh/linkedom@0.18.5/X-ZWNhbnZhcw/denonext/esm/interface/custom-event.mjs": "aeebb1d48196d8b32d367b72f299c2fe6b2e177b4ec8e951ac267cfb17b0eaf5",
    "https://esm.sh/linkedom@0.18.5/X-ZWNhbnZhcw/denonext/esm/interface/document-fragment.mjs": "49a80f2eed674a48365d4de0963daee1f51be2f4f2cd870a3b44fd54a44b85d0",
    "https://esm.sh/linkedom@0.18.5/X-ZWNhbnZhcw/denonext/esm/interface/document-type.mjs": "7d95cf5eb2283f44bc9fa24a2439bf7eaf42b76f8966966711761ac7df119b78",
    "https://esm.sh/linkedom@0.18.5/X-ZWNhbnZhcw/denonext/esm/interface/document.mjs": "d2470bc236f0e269eeeec3a6c179f05ea3d5683583236e4743ce74b08b34c461",
    "https://esm.sh/linkedom@0.18.5/X-ZWNhbnZhcw/denonext/esm/interface/element.mjs": "b17b9df36f3b6c4802e0c2aa91656f693457933542f4175457f887bd385ce3d8",
    "https://esm.sh/linkedom@0.18.5/X-ZWNhbnZhcw/denonext/esm/interface/event-target.mjs": "c6a61a28b339203cd951a20dd01e567da956f39c8a6d3aee550bcd44ec4b3982",
    "https://esm.sh/linkedom@0.18.5/X-ZWNhbnZhcw/denonext/esm/interface/event.mjs": "a91b1e10c19dee8b69be6862cef2869376ee49053e4aa846b87c57dc017ddb90",
    "https://esm.sh/linkedom@0.18.5/X-ZWNhbnZhcw/denonext/esm/interface/input-event.mjs": "8dd05bddcd0e6dc25b3beb6c4306d9d754246c2377a478256cf9a8dc483ae222",
    "https://esm.sh/linkedom@0.18.5/X-ZWNhbnZhcw/denonext/esm/interface/mutation-observer.mjs": "4473c43256955f7e0a664cfc7c51a41767bc20a1125049c75c74b422aed1ed1a",
    "https://esm.sh/linkedom@0.18.5/X-ZWNhbnZhcw/denonext/esm/interface/named-node-map.mjs": "edc011d156453e829f7f0b6990de992b8d0d8c3ea154e33abd6e503b55a1e94d",
    "https://esm.sh/linkedom@0.18.5/X-ZWNhbnZhcw/denonext/esm/interface/node-list.mjs": "0e886b37ad85475cb659fa28e3c9e8cf9c29ac957d48313a28e35ccde1bc1209",
    "https://esm.sh/linkedom@0.18.5/X-ZWNhbnZhcw/denonext/esm/interface/node.mjs": "0c26b8a48e217398dabcf441368535964f109e7576d1b0d19114fc8887758690",
    "https://esm.sh/linkedom@0.18.5/X-ZWNhbnZhcw/denonext/esm/interface/shadow-root.mjs": "e7c698281518888752f7d281049283a99365938402cfa59f1b21ab574458bfaf",
    "https://esm.sh/linkedom@0.18.5/X-ZWNhbnZhcw/denonext/esm/interface/text.mjs": "0d33b4f1f98a28a42d08f59f293170ff02a9189e8952958bce56e29cda45ad31",
    "https://esm.sh/linkedom@0.18.5/X-ZWNhbnZhcw/denonext/esm/mixin/child-node.mjs": "230e2249a33df57b8b2937b725aa8475431f1661fd896c85a29af0628d108fc4",
    "https://esm.sh/linkedom@0.18.5/X-ZWNhbnZhcw/denonext/esm/mixin/inner-html.mjs": "d292b0e2362dfcbc7ee3e0075c84ffac5279b41f6beafbfcb37c1a84affbea9c",
    "https://esm.sh/linkedom@0.18.5/X-ZWNhbnZhcw/denonext/esm/mixin/non-document-type-child-node.mjs": "062ca2c982405ad6453ee82b6d03410be8b24ad4532ea474b8ad023ab4f7448d",
    "https://esm.sh/linkedom@0.18.5/X-ZWNhbnZhcw/denonext/esm/mixin/non-element-parent-node.mjs": "c6485d0f0502f0fd13f1d43d5d87fa86a3a7cb1f25307a45969d498ffc4788a9",
    "https://esm.sh/linkedom@0.18.5/X-ZWNhbnZhcw/denonext/esm/mixin/parent-node.mjs": "8371bf84f440c036bcdb38e24b1ca483f557e5d571e92aa08c994c364a1c07f8",
    "https://esm.sh/linkedom@0.18.5/X-ZWNhbnZhcw/denonext/esm/shared/attributes.mjs": "45641ceb7480fb57e47615230fd0a9abf0dbc3cad3e2f0e5b710f0e9bf29a3c8",
    "https://esm.sh/linkedom@0.18.5/X-ZWNhbnZhcw/denonext/esm/shared/constants.mjs": "6ce66d1cc5de0ce47c16cf7aab90687d142add881854d5dda6b55fd645ac7077",
    "https://esm.sh/linkedom@0.18.5/X-ZWNhbnZhcw/denonext/esm/shared/facades.mjs": "fd7021c625c6bd060838a1dea60c639fcfc68901b0246ca2c312164705cb05bb",
    "https://esm.sh/linkedom@0.18.5/X-ZWNhbnZhcw/denonext/esm/shared/html-classes.mjs": "46223b871a249dd3f3fa235a5b308a74b27ba6f045e2f1eb2694383fecf146a7",
    "https://esm.sh/linkedom@0.18.5/X-ZWNhbnZhcw/denonext/esm/shared/jsdon.mjs": "9b2bd4114a35a2891a0d0aee5fe5ebf98751acff3bb28853ff43ea7c039b17b0",
    "https://esm.sh/linkedom@0.18.5/X-ZWNhbnZhcw/denonext/esm/shared/matches.mjs": "af0e7288b47955ef006b4e0e6f58b50540870d851d364642bc5534631b7bb912",
    "https://esm.sh/linkedom@0.18.5/X-ZWNhbnZhcw/denonext/esm/shared/node.mjs": "5573dd36659d725426e97a380798085287ef2c5dc3803ed464553e482e7c965f",
    "https://esm.sh/linkedom@0.18.5/X-ZWNhbnZhcw/denonext/esm/shared/object.mjs": "0480a2cb68bdc8e158b8b44e677bb11f18c3bb27479780b31530b46222b5191c",
    "https://esm.sh/linkedom@0.18.5/X-ZWNhbnZhcw/denonext/esm/shared/parse-from-string.mjs": "31ceb34e29dc0399abac5553d74ee6a5c00a1ac723dffa9353795f562b5f1eca",
    "https://esm.sh/linkedom@0.18.5/X-ZWNhbnZhcw/denonext/esm/shared/register-html-class.mjs": "9ea1e8fe4e18a9009259a61902198d52bb3b3b812bd708665435e05feb93e504",
    "https://esm.sh/linkedom@0.18.5/X-ZWNhbnZhcw/denonext/esm/shared/shadow-roots.mjs": "f5bfd20fcb564df2f6167365ba003a241d80866683fd84bc42df5969e79c4181",
    "https://esm.sh/linkedom@0.18.5/X-ZWNhbnZhcw/denonext/esm/shared/symbols.mjs": "53c3167cbe23fdc66079a0ce3d5dbee9e6b98089a2839452ea42dd9bfb9874dd",
    "https://esm.sh/linkedom@0.18.5/X-ZWNhbnZhcw/denonext/esm/shared/text-escaper.mjs": "f5654c360b233a730cc8585267301ee8edd09790fc53fce32e8c57db9a1a529f",
    "https://esm.sh/linkedom@0.18.5/X-ZWNhbnZhcw/denonext/esm/shared/utils.mjs": "1966ad45f0d095365eabd80e7cc4efaf04beb7b5ec6fd9f0f3652ecd30133377",
    "https://esm.sh/linkedom@0.18.5/X-ZWNhbnZhcw/denonext/esm/svg/element.mjs": "62ad8f3c65303c474f17d8e1526d3278145de5c8b898808cdae67218485d75dc",
    "https://esm.sh/linkedom@0.18.5/X-ZWNhbnZhcw/denonext/linkedom.mjs": "8dcb1576862ed7a6e7001946b0900a5dcf2e7e7daa8653cdd545668ae19ed7f4",
    "https://esm.sh/linkedom@0.18.5?external=canvas": "2a31e570efc08d1268fff623cf995c4c4b36b576b6bb4fd292b2423b9b09c2ea",
    "https://esm.sh/motion@11.18.2": "70cf7abfc1e78194026247e40906350a6878815da52fdab9cc6a06e394fa0bc4",
    "https://esm.sh/motion@11.18.2/denonext/dist/es/framer-motion/dist/es/animation/animate/index.mjs": "7f09eb468da93ba7366bf128dd8a9b742bf1a732617a0664774c629218c089cf",
    "https://esm.sh/motion@11.18.2/denonext/dist/es/framer-motion/dist/es/animation/animate/resolve-subjects.mjs": "0aedc7a0ad945dffce906a87c046e214abfda8f3a575f246f40c16765837c67e",
    "https://esm.sh/motion@11.18.2/denonext/dist/es/framer-motion/dist/es/animation/animate/single-value.mjs": "3e2159c6d035ed568779cabd5a081c25ae117aeb32927c5764f2c82d90f748a4",
    "https://esm.sh/motion@11.18.2/denonext/dist/es/framer-motion/dist/es/animation/animators/AcceleratedAnimation.mjs": "d5d49ca48af314dcbbf54b65f8b6aa47237bb1cd411b26c4fdbc78402cc9fc40",
    "https://esm.sh/motion@11.18.2/denonext/dist/es/framer-motion/dist/es/animation/animators/BaseAnimation.mjs": "d316f54353eab3f4eb2720d3611638fee22e20154582aa6c300be0aa666a8147",
    "https://esm.sh/motion@11.18.2/denonext/dist/es/framer-motion/dist/es/animation/animators/MainThreadAnimation.mjs": "e832ecc9d48051dc0a51deebba8cd381b84b44e0ec7ab476471b542a2ec0178e",
    "https://esm.sh/motion@11.18.2/denonext/dist/es/framer-motion/dist/es/animation/animators/utils/accelerated-values.mjs": "40507f149c9954df4fde4949bc4a55523b653be2bd94c4ef806ee7c140d79bcf",
    "https://esm.sh/motion@11.18.2/denonext/dist/es/framer-motion/dist/es/animation/animators/waapi/animate-elements.mjs": "af8b9c14c2d1b6228890e5335bedc925525f7d989b14c044ea994fac1c7ffaca",
    "https://esm.sh/motion@11.18.2/denonext/dist/es/framer-motion/dist/es/animation/animators/waapi/animate-style.mjs": "fb34ec13695a3a7b4b306f7179e54ef41a52d0a436a850fc3e22cd930c35b01e",
    "https://esm.sh/motion@11.18.2/denonext/dist/es/framer-motion/dist/es/animation/animators/waapi/index.mjs": "5723fe018a62a40c666c9d9041c080c60f0eea9c83560204b80674e983d45ba1",
    "https://esm.sh/motion@11.18.2/denonext/dist/es/framer-motion/dist/es/animation/animators/waapi/utils/get-final-keyframe.mjs": "205c8b721a1721052efab4715dfcd70d584c68993a6fe9c9293d674ed5ee3c1a",
    "https://esm.sh/motion@11.18.2/denonext/dist/es/framer-motion/dist/es/animation/animators/waapi/utils/supports-waapi.mjs": "90b20afbd0f50c76543344d0ed8d3bf173b8fbec887f692124b66040538f3c34",
    "https://esm.sh/motion@11.18.2/denonext/dist/es/framer-motion/dist/es/animation/generators/inertia.mjs": "b58523e45c3284b4e872d42b9b0981e2fec1f4e2d50883fbbdce22f8ae367d43",
    "https://esm.sh/motion@11.18.2/denonext/dist/es/framer-motion/dist/es/animation/generators/keyframes.mjs": "ae600bfdf155193e48e63cff904ff7bbafbacff68e014e5d760f3e07ddae75cb",
    "https://esm.sh/motion@11.18.2/denonext/dist/es/framer-motion/dist/es/animation/generators/spring/defaults.mjs": "a0eb0d35a2ed182f4393473be5d69c21ba839d71cb8b2e14ef674ef68ddad608",
    "https://esm.sh/motion@11.18.2/denonext/dist/es/framer-motion/dist/es/animation/generators/spring/find.mjs": "e759bc69c8022a2bcab0da78e420fd9b6cc4d13ceb7f146f02b5425414ccb4ee",
    "https://esm.sh/motion@11.18.2/denonext/dist/es/framer-motion/dist/es/animation/generators/spring/index.mjs": "ab5bcda4032fd6d4c705d9d57f44f42dadecb813f5a4158e385461d7003f593d",
    "https://esm.sh/motion@11.18.2/denonext/dist/es/framer-motion/dist/es/animation/generators/utils/velocity.mjs": "e8ef89ddb7660017ce5456d9d48a41fc640b8e7fd9c7ba2305420ae788997a51",
    "https://esm.sh/motion@11.18.2/denonext/dist/es/framer-motion/dist/es/animation/interfaces/motion-value.mjs": "4c012d15a1fcdcd6ce5cf3b1ee2e9914dbd7b7fd1bc98ede0556e57323a07bbd",
    "https://esm.sh/motion@11.18.2/denonext/dist/es/framer-motion/dist/es/animation/interfaces/visual-element-target.mjs": "1060a3649a004517f128202ddd2a2d0b0ea2d45837959466588b7957258434ff",
    "https://esm.sh/motion@11.18.2/denonext/dist/es/framer-motion/dist/es/animation/optimized-appear/data-id.mjs": "bfe19fe07b1983ac1d8c50184c165903fa8cd0776e81ce09dca02db4a2d2c4a8",
    "https://esm.sh/motion@11.18.2/denonext/dist/es/framer-motion/dist/es/animation/optimized-appear/get-appear-id.mjs": "e4971e80671ad301375550613fcce47af6f713f1709cd6cb0377eca76d3a13b3",
    "https://esm.sh/motion@11.18.2/denonext/dist/es/framer-motion/dist/es/animation/sequence/create.mjs": "d4f0f92dfd237109b12636f1c88d5223996f0e4f06b7e5963782024d58120d97",
    "https://esm.sh/motion@11.18.2/denonext/dist/es/framer-motion/dist/es/animation/utils/is-animation-controls.mjs": "dfe8873f1c11d63f5e1e834e3da670df362f26eab3cd3ebff97f45db3ed16a94",
    "https://esm.sh/motion@11.18.2/denonext/dist/es/framer-motion/dist/es/animation/utils/is-dom-keyframes.mjs": "9b5570ca14bc2e27cf19f46359f56f511536444811e6cb86390c90c6a54fbd24",
    "https://esm.sh/motion@11.18.2/denonext/dist/es/framer-motion/dist/es/animation/utils/is-keyframes-target.mjs": "6854989125b2793ee39ff9b55389a65e5c5409919a1a83768960b3470951db4a",
    "https://esm.sh/motion@11.18.2/denonext/dist/es/framer-motion/dist/es/animation/utils/stagger.mjs": "8cfeaea6766d2791c14db461ae74dad2bde4a82f7c855e04f709a0122aacd9d4",
    "https://esm.sh/motion@11.18.2/denonext/dist/es/framer-motion/dist/es/easing/anticipate.mjs": "72aa883a79c683d1165a0e0ad948cac2ea91c50a80c6ed87f125f19ab03984a1",
    "https://esm.sh/motion@11.18.2/denonext/dist/es/framer-motion/dist/es/easing/back.mjs": "a4f88486d6cef4531183d2cd1a86777748b3ce4bed7414de1cfc92617acf3c8c",
    "https://esm.sh/motion@11.18.2/denonext/dist/es/framer-motion/dist/es/easing/circ.mjs": "ddd3f19299ccc2a16404a655142c2d890a234aea8b6ffeadd53c4f6a2ab21324",
    "https://esm.sh/motion@11.18.2/denonext/dist/es/framer-motion/dist/es/easing/cubic-bezier.mjs": "558f947a8cd93fb91cde0ae95b0aa2de6facc86930252083dec45c689e91df97",
    "https://esm.sh/motion@11.18.2/denonext/dist/es/framer-motion/dist/es/easing/ease.mjs": "b05ce00e46245878e87a292f85d9e049c38b9deaf58142617dc2e8e38c41e17d",
    "https://esm.sh/motion@11.18.2/denonext/dist/es/framer-motion/dist/es/easing/modifiers/mirror.mjs": "cca9a8eecac70ff23117a6b29aa879de51515fa5db7b77106c64f7ef77005bd8",
    "https://esm.sh/motion@11.18.2/denonext/dist/es/framer-motion/dist/es/easing/modifiers/reverse.mjs": "e1f6e85cda6cc50d35aafcc5a946967d6018d1a402958bcbdce408cbe9addb65",
    "https://esm.sh/motion@11.18.2/denonext/dist/es/framer-motion/dist/es/easing/steps.mjs": "9c450da141ca41fff72112cba86833420c62fa93741b8de4f6cc5eadb1b29da2",
    "https://esm.sh/motion@11.18.2/denonext/dist/es/framer-motion/dist/es/easing/utils/is-easing-array.mjs": "733f95a90be0829edcd94d8ec6cd3e825f8f8768b26c936169da5e8abc83da38",
    "https://esm.sh/motion@11.18.2/denonext/dist/es/framer-motion/dist/es/easing/utils/map.mjs": "6170cec6f230feabdb92bafadc372d92146e1db7a75b44238cf45db042057f63",
    "https://esm.sh/motion@11.18.2/denonext/dist/es/framer-motion/dist/es/frameloop/batcher.mjs": "e0af6b4010e05384a30150a12a2439488d040de0b14aab1de226932760a77a32",
    "https://esm.sh/motion@11.18.2/denonext/dist/es/framer-motion/dist/es/frameloop/frame.mjs": "9051846941b680c676819dc3d3bf9d97d452109c42c466a2483818a481213d93",
    "https://esm.sh/motion@11.18.2/denonext/dist/es/framer-motion/dist/es/frameloop/index-legacy.mjs": "e8001477412107d986914402e203bf02e90e37d3c229e8b9d2d831d1598af1d3",
    "https://esm.sh/motion@11.18.2/denonext/dist/es/framer-motion/dist/es/frameloop/sync-time.mjs": "908260f11c18adb0c9f13e8e4fe3d7643882dbd3660e8cd1df4a98b23bbecc07",
    "https://esm.sh/motion@11.18.2/denonext/dist/es/framer-motion/dist/es/motion/features/definitions.mjs": "d556c48bdf2ca1c348895ed4d4a50c2f73aa6eb15a881d5691854dec743e568b",
    "https://esm.sh/motion@11.18.2/denonext/dist/es/framer-motion/dist/es/motion/utils/is-forced-motion-value.mjs": "660539a1d599dd75622c43f8f7e533ed56075f3d043fbe353b8f23a584f22fe7",
    "https://esm.sh/motion@11.18.2/denonext/dist/es/framer-motion/dist/es/projection/geometry/conversion.mjs": "5bd106b56acb8d34da75bd125aecb873c0df2acc65242d1cc3f97f4e0a7312e5",
    "https://esm.sh/motion@11.18.2/denonext/dist/es/framer-motion/dist/es/projection/geometry/delta-apply.mjs": "dc4a896edb551c6a43e9069c1022f9e9dd4baf7ab52723ce9f9b7592a111b042",
    "https://esm.sh/motion@11.18.2/denonext/dist/es/framer-motion/dist/es/projection/geometry/models.mjs": "d1476aeae86c1002a99b6f5429f7ca096576b264762f6c57acc83f5cf88dfb7c",
    "https://esm.sh/motion@11.18.2/denonext/dist/es/framer-motion/dist/es/projection/styles/scale-correction.mjs": "58fbe7bef8945715bfcbeee5e6440d02f5491a6b609c02146fadc37b15b946cb",
    "https://esm.sh/motion@11.18.2/denonext/dist/es/framer-motion/dist/es/projection/utils/has-transform.mjs": "21be98beecc08d43b2c128242e2a8000afaf737363601bf2f98ac755999a660b",
    "https://esm.sh/motion@11.18.2/denonext/dist/es/framer-motion/dist/es/projection/utils/measure.mjs": "1a39907b432f9632f5da3161a88810bf572372840606fb2379cf53bacc673c3e",
    "https://esm.sh/motion@11.18.2/denonext/dist/es/framer-motion/dist/es/render/VisualElement.mjs": "f52593837c76cf712579e60b6630dadc7738f435832d01e9aec2b74f2925e85e",
    "https://esm.sh/motion@11.18.2/denonext/dist/es/framer-motion/dist/es/render/dom/DOMKeyframesResolver.mjs": "31336d94812e20c3d8789c9832a14339c5aaff3cf3ed8fc316c7134018b9378e",
    "https://esm.sh/motion@11.18.2/denonext/dist/es/framer-motion/dist/es/render/dom/DOMVisualElement.mjs": "0e91f264415f8cc2281fed7c81c1c5d1280be441460a522f693f641f4bfb9a1a",
    "https://esm.sh/motion@11.18.2/denonext/dist/es/framer-motion/dist/es/render/dom/scroll/index.mjs": "7bc82ce77e94fd1c302e82a481ea6907420a4f41e32b7a7c8b8686cc847ef7f9",
    "https://esm.sh/motion@11.18.2/denonext/dist/es/framer-motion/dist/es/render/dom/scroll/track.mjs": "71898513f6006d42edb35ec88038f8ed2fe90850849dd028928eddde97e76e08",
    "https://esm.sh/motion@11.18.2/denonext/dist/es/framer-motion/dist/es/render/dom/utils/camel-to-dash.mjs": "935141371d00c7c90147563f1ffe4550632fc93a745492580e6646907169f928",
    "https://esm.sh/motion@11.18.2/denonext/dist/es/framer-motion/dist/es/render/dom/utils/is-css-variable.mjs": "fa2897bd93e67ae382015e7c44bf0cde1c76e605b0566dd2fc5f83becb941e8c",
    "https://esm.sh/motion@11.18.2/denonext/dist/es/framer-motion/dist/es/render/dom/utils/is-svg-element.mjs": "bd22290de6563aa102d55e1e6951bdc2034befa2cea1f3cf9fb73d0c444f389b",
    "https://esm.sh/motion@11.18.2/denonext/dist/es/framer-motion/dist/es/render/dom/utils/unit-conversion.mjs": "c8f8d741e28f741f5809aafeee387d433f23d31bfd40e9d15a711ab3d8abe503",
    "https://esm.sh/motion@11.18.2/denonext/dist/es/framer-motion/dist/es/render/dom/value-types/animatable-none.mjs": "0027701e4eec84abbce7c717f31f6a7b3d5ccb045102f97eca1caab0cbe08f5b",
    "https://esm.sh/motion@11.18.2/denonext/dist/es/framer-motion/dist/es/render/dom/value-types/defaults.mjs": "697e1896f64313cefe4e6b9c3fe42e3342efa6646decdc596c0e8dac4ed58de5",
    "https://esm.sh/motion@11.18.2/denonext/dist/es/framer-motion/dist/es/render/dom/value-types/dimensions.mjs": "2f5adbd6839f39a6a79e1fe58d37a3fc95519c957f4c016b5a702828ed0257a0",
    "https://esm.sh/motion@11.18.2/denonext/dist/es/framer-motion/dist/es/render/dom/value-types/get-as-type.mjs": "b51ea29a418275a5b470e4500f7699afba6b4829560a18d194719bb472587d86",
    "https://esm.sh/motion@11.18.2/denonext/dist/es/framer-motion/dist/es/render/dom/value-types/number-browser.mjs": "915bfba95723beaab560994dd6027273a5accc4891af76a26eeb3377b4fec59b",
    "https://esm.sh/motion@11.18.2/denonext/dist/es/framer-motion/dist/es/render/dom/value-types/number.mjs": "9ae4d5d30ff25ae673334e7d7c674750c7a773f31824791e35e23f1489b4b85f",
    "https://esm.sh/motion@11.18.2/denonext/dist/es/framer-motion/dist/es/render/dom/value-types/test.mjs": "8b0dfe3d4a52c3fac7dbecb88e3ff984b13ac683b1f2df9365cd2a81aa2bbcb6",
    "https://esm.sh/motion@11.18.2/denonext/dist/es/framer-motion/dist/es/render/dom/viewport/index.mjs": "94c360e2c2d6cb001940689ef51aad5246e7c3dd4f94022c01876829b6d98c6e",
    "https://esm.sh/motion@11.18.2/denonext/dist/es/framer-motion/dist/es/render/html/HTMLVisualElement.mjs": "a4de8e796bc96442242887da6da4d7ffac4b7db7488421d1e80d50dd4a121121",
    "https://esm.sh/motion@11.18.2/denonext/dist/es/framer-motion/dist/es/render/html/utils/build-styles.mjs": "1eb578465f9817e6fa812d02c744458ae78143a46ec9cc048c05777b0026e61c",
    "https://esm.sh/motion@11.18.2/denonext/dist/es/framer-motion/dist/es/render/html/utils/build-transform.mjs": "656fb9eb93015af01b2101b72c2652188074f925478b708035d507c0655334cb",
    "https://esm.sh/motion@11.18.2/denonext/dist/es/framer-motion/dist/es/render/html/utils/keys-position.mjs": "9a1f0ac5df2298443c792a71da0028fb166481fba7bd75b76dd290d902a87f33",
    "https://esm.sh/motion@11.18.2/denonext/dist/es/framer-motion/dist/es/render/html/utils/keys-transform.mjs": "3735a244134ea4094dd8dc20bafb3d8c597a33e72aa617c453e45ed3a1627de3",
    "https://esm.sh/motion@11.18.2/denonext/dist/es/framer-motion/dist/es/render/html/utils/render.mjs": "8371989ca0fcae6e4ee8b7d269c499a92a22b98d6aa2a772c91e5237f7cd5ed1",
    "https://esm.sh/motion@11.18.2/denonext/dist/es/framer-motion/dist/es/render/html/utils/scrape-motion-values.mjs": "53ffce3d9ef2906fcb8b9483f8e1fdaee869fc5da74b3da29005bb1b213405db",
    "https://esm.sh/motion@11.18.2/denonext/dist/es/framer-motion/dist/es/render/store.mjs": "7ac2d99719c92269db486e6d8dd15c8b1558e762e16f0c17665106922c24bd37",
    "https://esm.sh/motion@11.18.2/denonext/dist/es/framer-motion/dist/es/render/svg/SVGVisualElement.mjs": "aded52b2f1e778d46f11b2e96dff21b2322abb35c28d47163b9ad1e381ab35f3",
    "https://esm.sh/motion@11.18.2/denonext/dist/es/framer-motion/dist/es/render/svg/utils/build-attrs.mjs": "0dab886c4f4f2c54d60c8f535f53a53ad8fb181157d2af46950d7d0585ae745c",
    "https://esm.sh/motion@11.18.2/denonext/dist/es/framer-motion/dist/es/render/svg/utils/camel-case-attrs.mjs": "9a59a3fcd7c74a4495ddfbf4a52d27f3fe2f5e45df938cad5f1fa87cc2bfc5ea",
    "https://esm.sh/motion@11.18.2/denonext/dist/es/framer-motion/dist/es/render/svg/utils/is-svg-tag.mjs": "7b164ac53e251fe4cc7212075542ea7c0554b4230c0e67194a9f6b2f541d0ebb",
    "https://esm.sh/motion@11.18.2/denonext/dist/es/framer-motion/dist/es/render/svg/utils/render.mjs": "0e84f906821189d64739a3f4c6ddeee785c2af8f5e2c3944e7c6496674ba9355",
    "https://esm.sh/motion@11.18.2/denonext/dist/es/framer-motion/dist/es/render/svg/utils/scrape-motion-values.mjs": "dba5a5863534695eb5a08c694b3ed8b6c501c7b2d992121ceaed526bbdd4887f",
    "https://esm.sh/motion@11.18.2/denonext/dist/es/framer-motion/dist/es/render/utils/KeyframesResolver.mjs": "fc25282d5dbd4faa50f27477c53a1abf774b93905e9a29ad4f3f7f4f35517504",
    "https://esm.sh/motion@11.18.2/denonext/dist/es/framer-motion/dist/es/render/utils/is-controlling-variants.mjs": "bdffa97967b3eed35e2b684567166c837c4e175c40c52aa20feafc1fe305e209",
    "https://esm.sh/motion@11.18.2/denonext/dist/es/framer-motion/dist/es/render/utils/is-variant-label.mjs": "05fede67288ed192d283ebcd779076408f8e02a0a08e1ec6881d8779d777e0aa",
    "https://esm.sh/motion@11.18.2/denonext/dist/es/framer-motion/dist/es/render/utils/resolve-dynamic-variants.mjs": "193220b6913bbfaf78a635f5dd85296cdc1b9f34d96f09076126a0afc18b9edb",
    "https://esm.sh/motion@11.18.2/denonext/dist/es/framer-motion/dist/es/render/utils/resolve-variants.mjs": "95b11d54d3b14908cc991f5f945c9468b00949fc677c3c305dc827a006f8fb40",
    "https://esm.sh/motion@11.18.2/denonext/dist/es/framer-motion/dist/es/render/utils/setters.mjs": "1ce36ff7de62041292084a6d168814477684f45d8d9ae64ed395303983a29c82",
    "https://esm.sh/motion@11.18.2/denonext/dist/es/framer-motion/dist/es/render/utils/variant-props.mjs": "43a88fc5a6a52d1ed02f5c51cfc7beff3bf0d9fda217a976ae70bb67d8ce5ffc",
    "https://esm.sh/motion@11.18.2/denonext/dist/es/framer-motion/dist/es/utils/GlobalConfig.mjs": "1e3431295b88b0f2b97db3b96d269fb3cc442fb583cf5d0cc8c00f1d28664dba",
    "https://esm.sh/motion@11.18.2/denonext/dist/es/framer-motion/dist/es/utils/array.mjs": "2e74472cc3814fb895cfadd7c3c09d8dfb0945618e3d0c55961b1af141721ec9",
    "https://esm.sh/motion@11.18.2/denonext/dist/es/framer-motion/dist/es/utils/clamp.mjs": "e962423c66b5a405729caa1a4ffb67c711465179e913ab61f26cd9d5eac54e1a",
    "https://esm.sh/motion@11.18.2/denonext/dist/es/framer-motion/dist/es/utils/delay.mjs": "079bc95ad6976562977513e4902d6df4510381521d2863ef05390277424eb64f",
    "https://esm.sh/motion@11.18.2/denonext/dist/es/framer-motion/dist/es/utils/distance.mjs": "8607d1486442fe0ebba1efda6447750599d4200ce361d057c33e762b6e33f030",
    "https://esm.sh/motion@11.18.2/denonext/dist/es/framer-motion/dist/es/utils/interpolate.mjs": "cfc553e05bd888eceea65a233b0c75809c81816234f81f7d44178d06e777aacf",
    "https://esm.sh/motion@11.18.2/denonext/dist/es/framer-motion/dist/es/utils/is-browser.mjs": "ee47cf4a82e2ef60f2928a8adb835b9d70b46b8d33da8731f1127a0f65ed2ea6",
    "https://esm.sh/motion@11.18.2/denonext/dist/es/framer-motion/dist/es/utils/is-numerical-string.mjs": "e2534ef38eb71e16a1314a3786a15bf7bd7c90464645b64d2a96851d93584ff3",
    "https://esm.sh/motion@11.18.2/denonext/dist/es/framer-motion/dist/es/utils/is-zero-value-string.mjs": "da9597b0c68c1ac2e86e0c92b21512bd8551a6320ca5a8b652a20545fb19f672",
    "https://esm.sh/motion@11.18.2/denonext/dist/es/framer-motion/dist/es/utils/mix/index.mjs": "949f920ff2663851a7aa5f1b9e1ff6e5c60a57946831464f92d58556c7d77370",
    "https://esm.sh/motion@11.18.2/denonext/dist/es/framer-motion/dist/es/utils/mix/number.mjs": "0eaa72c80b8dd4378ad85b7fb9cc13d12d2700778bbeb71699791b18b4d359ef",
    "https://esm.sh/motion@11.18.2/denonext/dist/es/framer-motion/dist/es/utils/offsets/default.mjs": "d2add537f7e2b27c2d364a77ab7acf5bdc19166337f846d536a67160e5644525",
    "https://esm.sh/motion@11.18.2/denonext/dist/es/framer-motion/dist/es/utils/offsets/fill.mjs": "7642a2d9d08ba4cafb9666be13b233575ee24c9ab9c9a964b44966f6089ecb2f",
    "https://esm.sh/motion@11.18.2/denonext/dist/es/framer-motion/dist/es/utils/pipe.mjs": "305e2fa44b593bf81841fe33479e8bd87b198db934228845a63212e69fc435c3",
    "https://esm.sh/motion@11.18.2/denonext/dist/es/framer-motion/dist/es/utils/reduced-motion/index.mjs": "d68593f8928f82248a1259da32f535d0b6bc7d3d5cb9a4b06bca2f3d093a9ba1",
    "https://esm.sh/motion@11.18.2/denonext/dist/es/framer-motion/dist/es/utils/reduced-motion/state.mjs": "d33fbf0200381f376c26fe14adbc2c86ea2a529552913b2a2375245c69478364",
    "https://esm.sh/motion@11.18.2/denonext/dist/es/framer-motion/dist/es/utils/resolve-value.mjs": "bf5b484c78b0589d6fd3c0fa506ad5fc4804582725b75691c11f760d732e725a",
    "https://esm.sh/motion@11.18.2/denonext/dist/es/framer-motion/dist/es/utils/subscription-manager.mjs": "41937ec2d47bc9e31f7594c32484307cd93b032b2b211be948493344e2c38332",
    "https://esm.sh/motion@11.18.2/denonext/dist/es/framer-motion/dist/es/utils/transform.mjs": "494a5e3c61519f8595c38fac07480de1338c9b674a00875616c4168a7e110cc9",
    "https://esm.sh/motion@11.18.2/denonext/dist/es/framer-motion/dist/es/utils/use-instant-transition-state.mjs": "6c89536683eddd485fff1b9f4998e2b786793b14965e4d97b19f851d613dccf9",
    "https://esm.sh/motion@11.18.2/denonext/dist/es/framer-motion/dist/es/utils/velocity-per-second.mjs": "2647e54ff6490f2229d808ec03404072906fe7adf3db57728a9d469e2db7a8f9",
    "https://esm.sh/motion@11.18.2/denonext/dist/es/framer-motion/dist/es/utils/wrap.mjs": "726a3b46c302b1021e03edc395e7d947c3984d5725d58c5eec9b24e0b04a462c",
    "https://esm.sh/motion@11.18.2/denonext/dist/es/framer-motion/dist/es/value/index.mjs": "e99ef2d8dd515bd9b68b35b30c17251b8c932067326183c30a443ac2c43ec8c4",
    "https://esm.sh/motion@11.18.2/denonext/dist/es/framer-motion/dist/es/value/types/color/hex.mjs": "2f3ffb38ef3df1b90399e4dba97efa2ac0130c35fadb0bb5cb81e3886466b736",
    "https://esm.sh/motion@11.18.2/denonext/dist/es/framer-motion/dist/es/value/types/color/hsla.mjs": "4fd2cd24bd6e2fb1adcabed075a6191ff3f30e50840adc10b60d19f13ec2f370",
    "https://esm.sh/motion@11.18.2/denonext/dist/es/framer-motion/dist/es/value/types/color/index.mjs": "ce754177b55576f3cc0c941abc68d382da4e169df15135cdab6c6e727a92f09c",
    "https://esm.sh/motion@11.18.2/denonext/dist/es/framer-motion/dist/es/value/types/color/rgba.mjs": "b86af85e49428bb91d51895e6f3fea430bbdcb546f7d4de245c03ca8be67e191",
    "https://esm.sh/motion@11.18.2/denonext/dist/es/framer-motion/dist/es/value/types/color/utils.mjs": "8da7c328c17f47032aba76fcdc68d50b1b42b773e3bca50ed0d77eb4dabecd88",
    "https://esm.sh/motion@11.18.2/denonext/dist/es/framer-motion/dist/es/value/types/complex/filter.mjs": "dc5732cd105e21be98f66658301001c2b08c89a12abf1fda359e4a2716c96b27",
    "https://esm.sh/motion@11.18.2/denonext/dist/es/framer-motion/dist/es/value/types/complex/index.mjs": "fa8be0d3c742827e12c7cee2331d295a481b4e625691ec51d7a9e78ebd75c67a",
    "https://esm.sh/motion@11.18.2/denonext/dist/es/framer-motion/dist/es/value/types/numbers/index.mjs": "badd9e3f301ace23f551c0008cf9954e2adc3d85eb144a4c4bbe9fb22f8a2279",
    "https://esm.sh/motion@11.18.2/denonext/dist/es/framer-motion/dist/es/value/types/numbers/units.mjs": "2fbdd05b1e6ee8b8121280217592321583b10b7692783764c851e91190590ae2",
    "https://esm.sh/motion@11.18.2/denonext/dist/es/framer-motion/dist/es/value/types/utils/float-regex.mjs": "d604aff467d2d4c4fa57ad770d9cb801709de431dd9e8079a64555e4ad3d3238",
    "https://esm.sh/motion@11.18.2/denonext/dist/es/framer-motion/dist/es/value/types/utils/sanitize.mjs": "9323416a5ab9543264391bc66ede3ac87e0775884af54de2628305b688f1df5b",
    "https://esm.sh/motion@11.18.2/denonext/dist/es/framer-motion/dist/es/value/use-will-change/add-will-change.mjs": "04d93d43fabf637d5b048b17ab5074bfe1f42f14a78a55d951dba78e15fcb87f",
    "https://esm.sh/motion@11.18.2/denonext/dist/es/framer-motion/dist/es/value/utils/is-motion-value.mjs": "11e19f9c18bffffe33cfbaefbef4daf64e66235f2bf997e744333a566c1ca499",
    "https://esm.sh/motion@11.18.2/denonext/dist/es/motion-dom/dist/es/animation/controls/Group.mjs": "b46e5e131315028daaf753df03bdc1f0ac976fbc0034493aa3e6b60f51474c2f",
    "https://esm.sh/motion@11.18.2/denonext/dist/es/motion-dom/dist/es/animation/generators/utils/calc-duration.mjs": "c2f75252db03f071db238c1144803c5ee174efc07089ddf588fa104178c36e7a",
    "https://esm.sh/motion@11.18.2/denonext/dist/es/motion-dom/dist/es/animation/generators/utils/create-generator-easing.mjs": "579f564b9872356839b9eb6926872483db6b95dcb478421e6c769494e0a6f08d",
    "https://esm.sh/motion@11.18.2/denonext/dist/es/motion-dom/dist/es/animation/generators/utils/is-generator.mjs": "4e0d549ca0adf2579f4df086d19c2cbab3338de8e2722654e5bdc0a80df7da7c",
    "https://esm.sh/motion@11.18.2/denonext/dist/es/motion-dom/dist/es/animation/utils/get-value-transition.mjs": "1671a7281a4143de1c011af63714c0e696d237d7edab5fd04fba042ccc8895f3",
    "https://esm.sh/motion@11.18.2/denonext/dist/es/motion-dom/dist/es/animation/waapi/utils/attach-timeline.mjs": "38e3ec06eed4b7a14435f406551a1def9023cff277a8d4747ea59930d99d1679",
    "https://esm.sh/motion@11.18.2/denonext/dist/es/motion-dom/dist/es/animation/waapi/utils/easing.mjs": "9e863da2e6214bc21971a5bdfa32ac09aefef2fcc28eb075236f5fab8e9e6ada",
    "https://esm.sh/motion@11.18.2/denonext/dist/es/motion-dom/dist/es/animation/waapi/utils/linear.mjs": "11c97e6482caabd69c408c918466e960aee31d8d2e30dd3b2f9089066d2ab996",
    "https://esm.sh/motion@11.18.2/denonext/dist/es/motion-dom/dist/es/gestures/drag/state/is-active.mjs": "1230589f23c4124f14440e4adbe9b37f9c8b4de248a65b01df3dd93646c5b2a8",
    "https://esm.sh/motion@11.18.2/denonext/dist/es/motion-dom/dist/es/utils/is-bezier-definition.mjs": "bb3c410ece12be2e03f42e191bf528ed6074dc6810bb30938884c8440a2f5f76",
    "https://esm.sh/motion@11.18.2/denonext/dist/es/motion-dom/dist/es/utils/resolve-elements.mjs": "9507648bbbbc9533ebd301965846ed5976aa7552b03d259a0593012f2e0dfe2f",
    "https://esm.sh/motion@11.18.2/denonext/dist/es/motion-dom/dist/es/utils/supports/linear-easing.mjs": "5f7ed07068cd6d4f98beb8661288645f9d5088003c53fdcd5203bc93db490950",
    "https://esm.sh/motion@11.18.2/denonext/dist/es/motion-dom/dist/es/utils/supports/scroll-timeline.mjs": "7685c744dc27db7e3bfaf1336fcb31c41d96987e14d4cec2d6a81172cc8e67fd",
    "https://esm.sh/motion@11.18.2/denonext/dist/es/motion-utils/dist/es/errors.mjs": "7c475846e1255fef71d2b0afc81ae25e812e6bd83740672d73e82b2873ff2a4b",
    "https://esm.sh/motion@11.18.2/denonext/dist/es/motion-utils/dist/es/memo.mjs": "6b8c4b1a503b6e032d9e7561ecfa01b9f3d40fccec3c646e170b7cdb9d4a0e8e",
    "https://esm.sh/motion@11.18.2/denonext/dist/es/motion-utils/dist/es/noop.mjs": "90c77f9437d00681452fa05503dc35126afc75be82b81d4dec408d3e7cd070c0",
    "https://esm.sh/motion@11.18.2/denonext/dist/es/motion-utils/dist/es/progress.mjs": "4ce3391e84c5d8a1c07207e14110c7720499626555915c90d2f6d31d7072915c",
    "https://esm.sh/motion@11.18.2/denonext/dist/es/motion-utils/dist/es/time-conversion.mjs": "4d00bde34c002bf8198a0b1509635ddc5829ba08bc2ca0fcd50c58b11f6fd901",
    "https://esm.sh/motion@11.18.2/denonext/motion.mjs": "3e30d2d634efcd3a7da21eab8bf15363d7ebfb021f5a68f1b85fd8cb28b59ca4",
    "https://esm.sh/nanostores@0.11.4": "090eb82118635dd654d2bd983741bd6dc2a809af96ea175c896da7fc1a34ebd8",
    "https://esm.sh/nanostores@0.11.4/denonext/nanostores.mjs": "0f3a82d0a93671bbb67887a02d3b1eff7fb93654add5e3d654d2278265902539",
    "https://esm.sh/nth-check@2.1.1/denonext/nth-check.mjs": "2b0541d4564b27c31b37b006329c64036bee04a4c8f14e8357037fd7d35ecfe4",
    "https://esm.sh/nth-check@2.1.1?target=denonext": "689135c5e0e825a2a89058636f1b3a497040597c17de9107c703e9d764d22e25",
    "https://esm.sh/preact@10.27.1": "7c7102a74853dd331525b7eb8f165714d783f2638bf7bd3f1fc9b7480cc4e1e0",
    "https://esm.sh/preact@10.27.1/denonext/hooks.mjs": "b863367befe25a10375385e3ca6b162697d3678821464fbb02e0c71f2fffd5e3",
    "https://esm.sh/preact@10.27.1/denonext/preact.mjs": "7c2bf3093184c94176c3ae4dafd0aa801cb15f37f6907779064c4190456eb9c0",
    "https://esm.sh/preact@10.27.1/hooks": "22a4babd13029422488ffe89f1fa9c82bf335f6fc8930d2707da855177b2d265",
    "https://esm.sh/suncalc@1.9.0": "c656e61c3f35d9f67f7c6ad4c5230763e440a5581ea59e319227f4ab89e474fd",
    "https://esm.sh/suncalc@1.9.0/denonext/suncalc.mjs": "fc244ac1674f9738f3dd420ede62562af498b658498bf3f495bce432c49adb10",
    "https://esm.sh/three@0.161.0": "68a97296b9873b39b05fa55d77872825ebac4a206a303935153643599b9f7536",
    "https://esm.sh/three@0.161.0/denonext/three.mjs": "dead6acc3e2554d5dcdf8c090d91666fa887739180f1daef33dd74dd84111dce",
    "https://esm.sh/topojson-client@3.1.0": "e664d697a59fcfdaf0bae03ea35fef8aa44351fc02631c5ccfa9354df03fff5e",
    "https://esm.sh/topojson-client@3.1.0/denonext/topojson-client.mjs": "56ef2b146e10a1b99b0fc42f2f96bd41931d42e256efd1954724aeee505a7010",
    "https://esm.sh/uhyphen@0.2.0/denonext/uhyphen.mjs": "c9cb7bd80a7d7de55616628523cd6be52a74cfc5ccdd0c871c10e94861e34f71",
    "https://esm.sh/uhyphen@0.2.0?target=denonext": "3b34a717188b1d17a910e19ae635d8ecc355635e66393d95163bb5b2506214d7"
  },
  "workspace": {
    "dependencies": [
      "jsr:@astral/astral@~0.5.3",
      "jsr:@std/http@1"
    ]
  }
}
